{
  "name": "btc-da",
  "version": "1.0.0",
  "lockfileVersion": 3,
  "requires": true,
  "packages": {
    "": {
      "name": "btc-da",
      "version": "1.0.0",
      "license": "ISC",
      "dependencies": {
        "@cosmjs/proto-signing": "^0.38.1",
        "@cosmjs/stargate": "^0.38.1",
        "axios": "^1.13.4",
        "bitcoinjs-lib": "^7.0.1",
        "crypto-js": "^4.2.0",
        "dotenv": "^17.2.3",
        "ecpair": "^3.0.0",
        "merkletreejs": "^0.6.0",
        "tiny-secp256k1": "^2.2.4"
      }
    },
    "node_modules/@cosmjs/amino": {
      "version": "0.38.1",
      "resolved": "https://registry.npmjs.org/@cosmjs/amino/-/amino-0.38.1.tgz",
      "integrity": "sha512-WaThDpq2JwUyKuazq08Xa+FHzQ3jh1HcYnGL4xsyfqFwOlAvnl0EDvSSz9WSwz1oopIxFE9Qtf3OUKOlxBZbYA==",
      "license": "Apache-2.0",
      "dependencies": {
        "@cosmjs/crypto": "^0.38.1",
        "@cosmjs/encoding": "^0.38.1",
        "@cosmjs/math": "^0.38.1",
        "@cosmjs/utils": "^0.38.1"
      }
    },
    "node_modules/@cosmjs/crypto": {
      "version": "0.38.1",
      "resolved": "https://registry.npmjs.org/@cosmjs/crypto/-/crypto-0.38.1.tgz",
      "integrity": "sha512-r1KQCjKAdMga2aZ/nkgULRF4fisPZMF6ErucVsMmkASBgDl0k9/vD9K9fHUdGClMv0oOYEfwOT/UTBR7K2OuYA==",
      "license": "Apache-2.0",
      "dependencies": {
        "@cosmjs/encoding": "^0.38.1",
        "@cosmjs/math": "^0.38.1",
        "@cosmjs/utils": "^0.38.1",
        "@noble/ciphers": "^1.3.0",
        "@noble/curves": "^1.9.2",
        "@noble/hashes": "^1.8.0",
        "@scure/bip39": "^1.6.0",
        "hash-wasm": "^4.12.0"
      }
    },
    "node_modules/@cosmjs/encoding": {
      "version": "0.38.1",
      "resolved": "https://registry.npmjs.org/@cosmjs/encoding/-/encoding-0.38.1.tgz",
      "integrity": "sha512-i5jGgJhiXs7boePGA48xzYxnCbf3MS5nT/R2HvnvSQyVAG2A99NyL96lBgmz6etOJSGOiwVrB8uh1Qp5bq6WKQ==",
      "license": "Apache-2.0",
      "dependencies": {
        "@scure/base": "^2.0.0",
        "base64-js": "^1.3.0",
        "readonly-date-esm": "^2.0.0"
      }
    },
    "node_modules/@cosmjs/json-rpc": {
      "version": "0.38.1",
      "resolved": "https://registry.npmjs.org/@cosmjs/json-rpc/-/json-rpc-0.38.1.tgz",
      "integrity": "sha512-h+ejJeh+Men8upheRcIETGLAGhsGzIQW03BFvCsCenQOoewpxnbxN1mjfLE7M8UtOTNUsb0uQ1yEnhaTKPTRPg==",
      "license": "Apache-2.0",
      "dependencies": {
        "@cosmjs/stream": "^0.38.1",
        "xstream": "^11.14.0"
      }
    },
    "node_modules/@cosmjs/math": {
      "version": "0.38.1",
      "resolved": "https://registry.npmjs.org/@cosmjs/math/-/math-0.38.1.tgz",
      "integrity": "sha512-MBk7p6kPNULi0TusD8O3xoBskFIkRzOtpmnea3sXbTVnguX7epNPVDITXM4tlsg8kAQrEOEIA0g5zAJxzH3Ikw==",
      "license": "Apache-2.0"
    },
    "node_modules/@cosmjs/proto-signing": {
      "version": "0.38.1",
      "resolved": "https://registry.npmjs.org/@cosmjs/proto-signing/-/proto-signing-0.38.1.tgz",
      "integrity": "sha512-J7jELTwk39wYAZUan48eTLBKzx3/max1NIQSlaerdrUkIqhk9ZzC2+p94RnlFUBkvsWZ4ORbhNLYPjwuf2oM0g==",
      "license": "Apache-2.0",
      "dependencies": {
        "@cosmjs/amino": "^0.38.1",
        "@cosmjs/crypto": "^0.38.1",
        "@cosmjs/encoding": "^0.38.1",
        "@cosmjs/math": "^0.38.1",
        "@cosmjs/utils": "^0.38.1",
        "cosmjs-types": "^0.11.0"
      }
    },
    "node_modules/@cosmjs/socket": {
      "version": "0.38.1",
      "resolved": "https://registry.npmjs.org/@cosmjs/socket/-/socket-0.38.1.tgz",
      "integrity": "sha512-r58RplrHOoO9oDCPiFZu+oBTgeTqE6/HMW+JSAko2Dyv3AocdPhBV16SJQriumGxVRmFUdcczkK2L+6OwngoOA==",
      "license": "Apache-2.0",
      "dependencies": {
        "@cosmjs/stream": "^0.38.1",
        "isomorphic-ws": "^4.0.1",
        "ws": "^7",
        "xstream": "^11.14.0"
      }
    },
    "node_modules/@cosmjs/stargate": {
      "version": "0.38.1",
      "resolved": "https://registry.npmjs.org/@cosmjs/stargate/-/stargate-0.38.1.tgz",
      "integrity": "sha512-HxLMJxvjN8neJcN382ir1X+nrsmfYYzJ9RpibEOgzN50Ir3D1qW1q6pumjCZb4s834iB0FOlMA1F0LIklaRong==",
      "license": "Apache-2.0",
      "dependencies": {
        "@cosmjs/amino": "^0.38.1",
        "@cosmjs/encoding": "^0.38.1",
        "@cosmjs/math": "^0.38.1",
        "@cosmjs/proto-signing": "^0.38.1",
        "@cosmjs/stream": "^0.38.1",
        "@cosmjs/tendermint-rpc": "^0.38.1",
        "@cosmjs/utils": "^0.38.1",
        "cosmjs-types": "^0.11.0"
      }
    },
    "node_modules/@cosmjs/stream": {
      "version": "0.38.1",
      "resolved": "https://registry.npmjs.org/@cosmjs/stream/-/stream-0.38.1.tgz",
      "integrity": "sha512-YIruJ6XfPQooMZzy7fTMx1/JnAMgiGMg785Zxja+RntbxrsHyWYUdWGi9ji8uOHEgZNYErHlK2NnbF8VlCo1ew==",
      "license": "Apache-2.0",
      "dependencies": {
        "xstream": "^11.14.0"
      }
    },
    "node_modules/@cosmjs/tendermint-rpc": {
      "version": "0.38.1",
      "resolved": "https://registry.npmjs.org/@cosmjs/tendermint-rpc/-/tendermint-rpc-0.38.1.tgz",
      "integrity": "sha512-yoGfI1wcw986qqCJkD544HXB4YxVOvne5s1RZkO437RtgvpLgVVdTBvCB1JcgLDw25gpHMFe1dWe5Sn9LPzQxA==",
      "license": "Apache-2.0",
      "dependencies": {
        "@cosmjs/crypto": "^0.38.1",
        "@cosmjs/encoding": "^0.38.1",
        "@cosmjs/json-rpc": "^0.38.1",
        "@cosmjs/math": "^0.38.1",
        "@cosmjs/socket": "^0.38.1",
        "@cosmjs/stream": "^0.38.1",
        "@cosmjs/utils": "^0.38.1",
        "readonly-date-esm": "^2.0.0",
        "xstream": "^11.14.0"
      }
    },
    "node_modules/@cosmjs/utils": {
      "version": "0.38.1",
      "resolved": "https://registry.npmjs.org/@cosmjs/utils/-/utils-0.38.1.tgz",
      "integrity": "sha512-ccQ5in6IvsQ+o/SstUdQH1jCJ2+MkJPZK7A/EYwMAFcjV8vzOgJ97LVy6AT24nwdi0/iVa2nbAG+fitUEsgLcA==",
      "license": "Apache-2.0"
    },
    "node_modules/@noble/ciphers": {
      "version": "1.3.0",
      "resolved": "https://registry.npmjs.org/@noble/ciphers/-/ciphers-1.3.0.tgz",
      "integrity": "sha512-2I0gnIVPtfnMw9ee9h1dJG7tp81+8Ob3OJb3Mv37rx5L40/b0i7djjCVvGOVqc9AEIQyvyu1i6ypKdFw8R8gQw==",
      "license": "MIT",
      "engines": {
        "node": "^14.21.3 || >=16"
      },
      "funding": {
        "url": "https://paulmillr.com/funding/"
      }
    },
    "node_modules/@noble/curves": {
      "version": "1.9.7",
      "resolved": "https://registry.npmjs.org/@noble/curves/-/curves-1.9.7.tgz",
      "integrity": "sha512-gbKGcRUYIjA3/zCCNaWDciTMFI0dCkvou3TL8Zmy5Nc7sJ47a0jtOeZoTaMxkuqRo9cRhjOdZJXegxYE5FN/xw==",
      "license": "MIT",
      "dependencies": {
        "@noble/hashes": "1.8.0"
      },
      "engines": {
        "node": "^14.21.3 || >=16"
      },
      "funding": {
        "url": "https://paulmillr.com/funding/"
      }
    },
    "node_modules/@noble/hashes": {
      "version": "1.8.0",
      "resolved": "https://registry.npmjs.org/@noble/hashes/-/hashes-1.8.0.tgz",
      "integrity": "sha512-jCs9ldd7NwzpgXDIf6P3+NrHh9/sD6CQdxHyjQI+h/6rDNo88ypBxxz45UDuZHz9r3tNz7N/VInSVoVdtXEI4A==",
      "license": "MIT",
      "engines": {
        "node": "^14.21.3 || >=16"
      },
      "funding": {
        "url": "https://paulmillr.com/funding/"
      }
    },
    "node_modules/@scure/base": {
      "version": "2.0.0",
      "resolved": "https://registry.npmjs.org/@scure/base/-/base-2.0.0.tgz",
      "integrity": "sha512-3E1kpuZginKkek01ovG8krQ0Z44E3DHPjc5S2rjJw9lZn3KSQOs8S7wqikF/AH7iRanHypj85uGyxk0XAyC37w==",
      "license": "MIT",
      "funding": {
        "url": "https://paulmillr.com/funding/"
      }
    },
    "node_modules/@scure/bip39": {
      "version": "1.6.0",
      "resolved": "https://registry.npmjs.org/@scure/bip39/-/bip39-1.6.0.tgz",
      "integrity": "sha512-+lF0BbLiJNwVlev4eKelw1WWLaiKXw7sSl8T6FvBlWkdX+94aGJ4o8XjUdlyhTCjd8c+B3KT3JfS8P0bLRNU6A==",
      "license": "MIT",
      "dependencies": {
        "@noble/hashes": "~1.8.0",
        "@scure/base": "~1.2.5"
      },
      "funding": {
        "url": "https://paulmillr.com/funding/"
      }
    },
    "node_modules/@scure/bip39/node_modules/@scure/base": {
      "version": "1.2.6",
      "resolved": "https://registry.npmjs.org/@scure/base/-/base-1.2.6.tgz",
      "integrity": "sha512-g/nm5FgUa//MCj1gV09zTJTaM6KBAHqLN907YVQqf7zC49+DcO4B1so4ZX07Ef10Twr6nuqYEH9GEggFXA4Fmg==",
      "license": "MIT",
      "funding": {
        "url": "https://paulmillr.com/funding/"
      }
    },
    "node_modules/asynckit": {
      "version": "0.4.0",
      "resolved": "https://registry.npmjs.org/asynckit/-/asynckit-0.4.0.tgz",
      "integrity": "sha512-Oei9OH4tRh0YqU3GxhX79dM/mwVgvbZJaSNaRk+bshkj0S5cfHcgYakreBjrHwatXKbz+IoIdYLxrKim2MjW0Q==",
      "license": "MIT"
    },
    "node_modules/axios": {
      "version": "1.13.4",
      "resolved": "https://registry.npmjs.org/axios/-/axios-1.13.4.tgz",
      "integrity": "sha512-1wVkUaAO6WyaYtCkcYCOx12ZgpGf9Zif+qXa4n+oYzK558YryKqiL6UWwd5DqiH3VRW0GYhTZQ/vlgJrCoNQlg==",
      "license": "MIT",
      "dependencies": {
        "follow-redirects": "^1.15.6",
        "form-data": "^4.0.4",
        "proxy-from-env": "^1.1.0"
      }
    },
    "node_modules/base-x": {
      "version": "5.0.1",
      "resolved": "https://registry.npmjs.org/base-x/-/base-x-5.0.1.tgz",
      "integrity": "sha512-M7uio8Zt++eg3jPj+rHMfCC+IuygQHHCOU+IYsVtik6FWjuYpVt/+MRKcgsAMHh8mMFAwnB+Bs+mTrFiXjMzKg==",
      "license": "MIT"
    },
    "node_modules/base64-js": {
      "version": "1.5.1",
      "resolved": "https://registry.npmjs.org/base64-js/-/base64-js-1.5.1.tgz",
      "integrity": "sha512-AKpaYlHn8t4SVbOHCy+b5+KKgvR4vrsD8vbvrbiQJps7fKDTkjkDry6ji0rUJjC0kzbNePLwzxq8iypo41qeWA==",
      "funding": [
        {
          "type": "github",
          "url": "https://github.com/sponsors/feross"
        },
        {
          "type": "patreon",
          "url": "https://www.patreon.com/feross"
        },
        {
          "type": "consulting",
          "url": "https://feross.org/support"
        }
      ],
      "license": "MIT"
    },
    "node_modules/bech32": {
      "version": "2.0.0",
      "resolved": "https://registry.npmjs.org/bech32/-/bech32-2.0.0.tgz",
      "integrity": "sha512-LcknSilhIGatDAsY1ak2I8VtGaHNhgMSYVxFrGLXv+xLHytaKZKcaUJJUE7qmBr7h33o5YQwP55pMI0xmkpJwg==",
      "license": "MIT"
    },
    "node_modules/bip174": {
      "version": "3.0.0",
      "resolved": "https://registry.npmjs.org/bip174/-/bip174-3.0.0.tgz",
      "integrity": "sha512-N3vz3rqikLEu0d6yQL8GTrSkpYb35NQKWMR7Hlza0lOj6ZOlvQ3Xr7N9Y+JPebaCVoEUHdBeBSuLxcHr71r+Lw==",
      "license": "MIT",
      "dependencies": {
        "uint8array-tools": "^0.0.9",
        "varuint-bitcoin": "^2.0.0"
      },
      "engines": {
        "node": ">=18.0.0"
      }
    },
    "node_modules/bitcoinjs-lib": {
      "version": "7.0.1",
      "resolved": "https://registry.npmjs.org/bitcoinjs-lib/-/bitcoinjs-lib-7.0.1.tgz",
      "integrity": "sha512-vwEmpL5Tpj0I0RBdNkcDMXePoaYSTeKY6mL6/l5esbnTs+jGdPDuLp4NY1hSh6Zk5wSgePygZ4Wx5JJao30Pww==",
      "license": "MIT",
      "dependencies": {
        "@noble/hashes": "^1.2.0",
        "bech32": "^2.0.0",
        "bip174": "^3.0.0",
        "bs58check": "^4.0.0",
        "uint8array-tools": "^0.0.9",
        "valibot": "^1.2.0",
        "varuint-bitcoin": "^2.0.0"
      },
      "engines": {
        "node": ">=18.0.0"
      }
    },
    "node_modules/bs58": {
      "version": "6.0.0",
      "resolved": "https://registry.npmjs.org/bs58/-/bs58-6.0.0.tgz",
      "integrity": "sha512-PD0wEnEYg6ijszw/u8s+iI3H17cTymlrwkKhDhPZq+Sokl3AU4htyBFTjAeNAlCCmg0f53g6ih3jATyCKftTfw==",
      "license": "MIT",
      "dependencies": {
        "base-x": "^5.0.0"
      }
    },
    "node_modules/bs58check": {
      "version": "4.0.0",
      "resolved": "https://registry.npmjs.org/bs58check/-/bs58check-4.0.0.tgz",
      "integrity": "sha512-FsGDOnFg9aVI9erdriULkd/JjEWONV/lQE5aYziB5PoBsXRind56lh8doIZIc9X4HoxT5x4bLjMWN1/NB8Zp5g==",
      "license": "MIT",
      "dependencies": {
        "@noble/hashes": "^1.2.0",
        "bs58": "^6.0.0"
      }
    },
    "node_modules/buffer-reverse": {
      "version": "1.0.1",
      "resolved": "https://registry.npmjs.org/buffer-reverse/-/buffer-reverse-1.0.1.tgz",
      "integrity": "sha512-M87YIUBsZ6N924W57vDwT/aOu8hw7ZgdByz6ijksLjmHJELBASmYTTlNHRgjE+pTsT9oJXGaDSgqqwfdHotDUg==",
      "license": "MIT"
    },
    "node_modules/call-bind-apply-helpers": {
      "version": "1.0.2",
      "resolved": "https://registry.npmjs.org/call-bind-apply-helpers/-/call-bind-apply-helpers-1.0.2.tgz",
      "integrity": "sha512-Sp1ablJ0ivDkSzjcaJdxEunN5/XvksFJ2sMBFfq6x0ryhQV/2b/KwFe21cMpmHtPOSij8K99/wSfoEuTObmuMQ==",
      "license": "MIT",
      "dependencies": {
        "es-errors": "^1.3.0",
        "function-bind": "^1.1.2"
      },
      "engines": {
        "node": ">= 0.4"
      }
    },
    "node_modules/combined-stream": {
      "version": "1.0.8",
      "resolved": "https://registry.npmjs.org/combined-stream/-/combined-stream-1.0.8.tgz",
      "integrity": "sha512-FQN4MRfuJeHf7cBbBMJFXhKSDq+2kAArBlmRBvcvFE5BB1HZKXtSFASDhdlz9zOYwxh8lDdnvmMOe/+5cdoEdg==",
      "license": "MIT",
      "dependencies": {
        "delayed-stream": "~1.0.0"
      },
      "engines": {
        "node": ">= 0.8"
      }
    },
    "node_modules/cosmjs-types": {
      "version": "0.11.0",
      "resolved": "https://registry.npmjs.org/cosmjs-types/-/cosmjs-types-0.11.0.tgz",
      "integrity": "sha512-kDSkgHpRTrg1413jCNehT3P21+EBxZWFMBr9JEzVfmPiNdtuwAoLAkCYo7c7i/pTakAwyHsXbxOg8kkD+AN33w==",
      "license": "Apache-2.0",
      "engines": {
        "node": ">=20.19"
      }
    },
    "node_modules/crypto-js": {
      "version": "4.2.0",
      "resolved": "https://registry.npmjs.org/crypto-js/-/crypto-js-4.2.0.tgz",
      "integrity": "sha512-KALDyEYgpY+Rlob/iriUtjV6d5Eq+Y191A5g4UqLAi8CyGP9N1+FdVbkc1SxKc2r4YAYqG8JzO2KGL+AizD70Q==",
      "license": "MIT"
    },
    "node_modules/define-data-property": {
      "version": "1.1.4",
      "resolved": "https://registry.npmjs.org/define-data-property/-/define-data-property-1.1.4.tgz",
      "integrity": "sha512-rBMvIzlpA8v6E+SJZoo++HAYqsLrkg7MSfIinMPFhmkorw7X+dOXVJQs+QT69zGkzMyfDnIMN2Wid1+NbL3T+A==",
      "license": "MIT",
      "dependencies": {
        "es-define-property": "^1.0.0",
        "es-errors": "^1.3.0",
        "gopd": "^1.0.1"
      },
      "engines": {
        "node": ">= 0.4"
      },
      "funding": {
        "url": "https://github.com/sponsors/ljharb"
      }
    },
    "node_modules/define-properties": {
      "version": "1.2.1",
      "resolved": "https://registry.npmjs.org/define-properties/-/define-properties-1.2.1.tgz",
      "integrity": "sha512-8QmQKqEASLd5nx0U1B1okLElbUuuttJ/AnYmRXbbbGDWh6uS208EjD4Xqq/I9wK7u0v6O08XhTWnt5XtEbR6Dg==",
      "license": "MIT",
      "dependencies": {
        "define-data-property": "^1.0.1",
        "has-property-descriptors": "^1.0.0",
        "object-keys": "^1.1.1"
      },
      "engines": {
        "node": ">= 0.4"
      },
      "funding": {
        "url": "https://github.com/sponsors/ljharb"
      }
    },
    "node_modules/delayed-stream": {
      "version": "1.0.0",
      "resolved": "https://registry.npmjs.org/delayed-stream/-/delayed-stream-1.0.0.tgz",
      "integrity": "sha512-ZySD7Nf91aLB0RxL4KGrKHBXl7Eds1DAmEdcoVawXnLD7SDhpNgtuII2aAkg7a7QS41jxPSZ17p4VdGnMHk3MQ==",
      "license": "MIT",
      "engines": {
        "node": ">=0.4.0"
      }
    },
    "node_modules/dotenv": {
      "version": "17.2.3",
      "resolved": "https://registry.npmjs.org/dotenv/-/dotenv-17.2.3.tgz",
      "integrity": "sha512-JVUnt+DUIzu87TABbhPmNfVdBDt18BLOWjMUFJMSi/Qqg7NTYtabbvSNJGOJ7afbRuv9D/lngizHtP7QyLQ+9w==",
      "license": "BSD-2-Clause",
      "engines": {
        "node": ">=12"
      },
      "funding": {
        "url": "https://dotenvx.com"
      }
    },
    "node_modules/dunder-proto": {
      "version": "1.0.1",
      "resolved": "https://registry.npmjs.org/dunder-proto/-/dunder-proto-1.0.1.tgz",
      "integrity": "sha512-KIN/nDJBQRcXw0MLVhZE9iQHmG68qAVIBg9CqmUYjmQIhgij9U5MFvrqkUL5FbtyyzZuOeOt0zdeRe4UY7ct+A==",
      "license": "MIT",
      "dependencies": {
        "call-bind-apply-helpers": "^1.0.1",
        "es-errors": "^1.3.0",
        "gopd": "^1.2.0"
      },
      "engines": {
        "node": ">= 0.4"
      }
    },
    "node_modules/ecpair": {
      "version": "3.0.0",
      "resolved": "https://registry.npmjs.org/ecpair/-/ecpair-3.0.0.tgz",
      "integrity": "sha512-kf4JxjsRQoD4EBzpYjGAcR0t9i/4oAeRPtyCpKvSwyotgkc6oA4E4M0/e+kep7cXe+mgxAvoeh/jdgH9h5+Wxw==",
      "license": "MIT",
      "dependencies": {
        "uint8array-tools": "^0.0.8",
        "valibot": "^0.37.0",
        "wif": "^5.0.0"
      },
      "engines": {
        "node": ">=20.0.0"
      }
    },
    "node_modules/ecpair/node_modules/uint8array-tools": {
      "version": "0.0.8",
      "resolved": "https://registry.npmjs.org/uint8array-tools/-/uint8array-tools-0.0.8.tgz",
      "integrity": "sha512-xS6+s8e0Xbx++5/0L+yyexukU7pz//Yg6IHg3BKhXotg1JcYtgxVcUctQ0HxLByiJzpAkNFawz1Nz5Xadzo82g==",
      "license": "MIT",
      "engines": {
        "node": ">=14.0.0"
      }
    },
    "node_modules/ecpair/node_modules/valibot": {
      "version": "0.37.0",
      "resolved": "https://registry.npmjs.org/valibot/-/valibot-0.37.0.tgz",
      "integrity": "sha512-FQz52I8RXgFgOHym3XHYSREbNtkgSjF9prvMFH1nBsRyfL6SfCzoT1GuSDTlbsuPubM7/6Kbw0ZMQb8A+V+VsQ==",
      "license": "MIT",
      "peerDependencies": {
        "typescript": ">=5"
      },
      "peerDependenciesMeta": {
        "typescript": {
          "optional": true
        }
      }
    },
    "node_modules/es-define-property": {
      "version": "1.0.1",
      "resolved": "https://registry.npmjs.org/es-define-property/-/es-define-property-1.0.1.tgz",
      "integrity": "sha512-e3nRfgfUZ4rNGL232gUgX06QNyyez04KdjFrF+LTRoOXmrOgFKDg4BCdsjW8EnT69eqdYGmRpJwiPVYNrCaW3g==",
      "license": "MIT",
      "engines": {
        "node": ">= 0.4"
      }
    },
    "node_modules/es-errors": {
      "version": "1.3.0",
      "resolved": "https://registry.npmjs.org/es-errors/-/es-errors-1.3.0.tgz",
      "integrity": "sha512-Zf5H2Kxt2xjTvbJvP2ZWLEICxA6j+hAmMzIlypy4xcBg1vKVnx89Wy0GbS+kf5cwCVFFzdCFh2XSCFNULS6csw==",
      "license": "MIT",
      "engines": {
        "node": ">= 0.4"
      }
    },
    "node_modules/es-object-atoms": {
      "version": "1.1.1",
      "resolved": "https://registry.npmjs.org/es-object-atoms/-/es-object-atoms-1.1.1.tgz",
      "integrity": "sha512-FGgH2h8zKNim9ljj7dankFPcICIK9Cp5bm+c2gQSYePhpaG5+esrLODihIorn+Pe6FGJzWhXQotPv73jTaldXA==",
      "license": "MIT",
      "dependencies": {
        "es-errors": "^1.3.0"
      },
      "engines": {
        "node": ">= 0.4"
      }
    },
    "node_modules/es-set-tostringtag": {
      "version": "2.1.0",
      "resolved": "https://registry.npmjs.org/es-set-tostringtag/-/es-set-tostringtag-2.1.0.tgz",
      "integrity": "sha512-j6vWzfrGVfyXxge+O0x5sh6cvxAog0a/4Rdd2K36zCMV5eJ+/+tOAngRO8cODMNWbVRdVlmGZQL2YS3yR8bIUA==",
      "license": "MIT",
      "dependencies": {
        "es-errors": "^1.3.0",
        "get-intrinsic": "^1.2.6",
        "has-tostringtag": "^1.0.2",
        "hasown": "^2.0.2"
      },
      "engines": {
        "node": ">= 0.4"
      }
    },
    "node_modules/follow-redirects": {
      "version": "1.15.11",
      "resolved": "https://registry.npmjs.org/follow-redirects/-/follow-redirects-1.15.11.tgz",
      "integrity": "sha512-deG2P0JfjrTxl50XGCDyfI97ZGVCxIpfKYmfyrQ54n5FO/0gfIES8C/Psl6kWVDolizcaaxZJnTS0QSMxvnsBQ==",
      "funding": [
        {
          "type": "individual",
          "url": "https://github.com/sponsors/RubenVerborgh"
        }
      ],
      "license": "MIT",
      "engines": {
        "node": ">=4.0"
      },
      "peerDependenciesMeta": {
        "debug": {
          "optional": true
        }
      }
    },
    "node_modules/form-data": {
      "version": "4.0.5",
      "resolved": "https://registry.npmjs.org/form-data/-/form-data-4.0.5.tgz",
      "integrity": "sha512-8RipRLol37bNs2bhoV67fiTEvdTrbMUYcFTiy3+wuuOnUog2QBHCZWXDRijWQfAkhBj2Uf5UnVaiWwA5vdd82w==",
      "license": "MIT",
      "dependencies": {
        "asynckit": "^0.4.0",
        "combined-stream": "^1.0.8",
        "es-set-tostringtag": "^2.1.0",
        "hasown": "^2.0.2",
        "mime-types": "^2.1.12"
      },
      "engines": {
        "node": ">= 6"
      }
    },
    "node_modules/function-bind": {
      "version": "1.1.2",
      "resolved": "https://registry.npmjs.org/function-bind/-/function-bind-1.1.2.tgz",
      "integrity": "sha512-7XHNxH7qX9xG5mIwxkhumTox/MIRNcOgDrxWsMt2pAr23WHp6MrRlN7FBSFpCpr+oVO0F744iUgR82nJMfG2SA==",
      "license": "MIT",
      "funding": {
        "url": "https://github.com/sponsors/ljharb"
      }
    },
    "node_modules/get-intrinsic": {
      "version": "1.3.0",
      "resolved": "https://registry.npmjs.org/get-intrinsic/-/get-intrinsic-1.3.0.tgz",
      "integrity": "sha512-9fSjSaos/fRIVIp+xSJlE6lfwhES7LNtKaCBIamHsjr2na1BiABJPo0mOjjz8GJDURarmCPGqaiVg5mfjb98CQ==",
      "license": "MIT",
      "dependencies": {
        "call-bind-apply-helpers": "^1.0.2",
        "es-define-property": "^1.0.1",
        "es-errors": "^1.3.0",
        "es-object-atoms": "^1.1.1",
        "function-bind": "^1.1.2",
        "get-proto": "^1.0.1",
        "gopd": "^1.2.0",
        "has-symbols": "^1.1.0",
        "hasown": "^2.0.2",
        "math-intrinsics": "^1.1.0"
      },
      "engines": {
        "node": ">= 0.4"
      },
      "funding": {
        "url": "https://github.com/sponsors/ljharb"
      }
    },
    "node_modules/get-proto": {
      "version": "1.0.1",
      "resolved": "https://registry.npmjs.org/get-proto/-/get-proto-1.0.1.tgz",
      "integrity": "sha512-sTSfBjoXBp89JvIKIefqw7U2CCebsc74kiY6awiGogKtoSGbgjYE/G/+l9sF3MWFPNc9IcoOC4ODfKHfxFmp0g==",
      "license": "MIT",
      "dependencies": {
        "dunder-proto": "^1.0.1",
        "es-object-atoms": "^1.0.0"
      },
      "engines": {
        "node": ">= 0.4"
      }
    },
    "node_modules/globalthis": {
      "version": "1.0.4",
      "resolved": "https://registry.npmjs.org/globalthis/-/globalthis-1.0.4.tgz",
      "integrity": "sha512-DpLKbNU4WylpxJykQujfCcwYWiV/Jhm50Goo0wrVILAv5jOr9d+H+UR3PhSCD2rCCEIg0uc+G+muBTwD54JhDQ==",
      "license": "MIT",
      "dependencies": {
        "define-properties": "^1.2.1",
        "gopd": "^1.0.1"
      },
      "engines": {
        "node": ">= 0.4"
      },
      "funding": {
        "url": "https://github.com/sponsors/ljharb"
      }
    },
    "node_modules/gopd": {
      "version": "1.2.0",
      "resolved": "https://registry.npmjs.org/gopd/-/gopd-1.2.0.tgz",
      "integrity": "sha512-ZUKRh6/kUFoAiTAtTYPZJ3hw9wNxx+BIBOijnlG9PnrJsCcSjs1wyyD6vJpaYtgnzDrKYRSqf3OO6Rfa93xsRg==",
      "license": "MIT",
      "engines": {
        "node": ">= 0.4"
      },
      "funding": {
        "url": "https://github.com/sponsors/ljharb"
      }
    },
    "node_modules/has-property-descriptors": {
      "version": "1.0.2",
      "resolved": "https://registry.npmjs.org/has-property-descriptors/-/has-property-descriptors-1.0.2.tgz",
      "integrity": "sha512-55JNKuIW+vq4Ke1BjOTjM2YctQIvCT7GFzHwmfZPGo5wnrgkid0YQtnAleFSqumZm4az3n2BS+erby5ipJdgrg==",
      "license": "MIT",
      "dependencies": {
        "es-define-property": "^1.0.0"
      },
      "funding": {
        "url": "https://github.com/sponsors/ljharb"
      }
    },
    "node_modules/has-symbols": {
      "version": "1.1.0",
      "resolved": "https://registry.npmjs.org/has-symbols/-/has-symbols-1.1.0.tgz",
      "integrity": "sha512-1cDNdwJ2Jaohmb3sg4OmKaMBwuC48sYni5HUw2DvsC8LjGTLK9h+eb1X6RyuOHe4hT0ULCW68iomhjUoKUqlPQ==",
      "license": "MIT",
      "engines": {
        "node": ">= 0.4"
      },
      "funding": {
        "url": "https://github.com/sponsors/ljharb"
      }
    },
    "node_modules/has-tostringtag": {
      "version": "1.0.2",
      "resolved": "https://registry.npmjs.org/has-tostringtag/-/has-tostringtag-1.0.2.tgz",
      "integrity": "sha512-NqADB8VjPFLM2V0VvHUewwwsw0ZWBaIdgo+ieHtK3hasLz4qeCRjYcqfB6AQrBggRKppKF8L52/VqdVsO47Dlw==",
      "license": "MIT",
      "dependencies": {
        "has-symbols": "^1.0.3"
      },
      "engines": {
        "node": ">= 0.4"
      },
      "funding": {
        "url": "https://github.com/sponsors/ljharb"
      }
    },
    "node_modules/hash-wasm": {
      "version": "4.12.0",
      "resolved": "https://registry.npmjs.org/hash-wasm/-/hash-wasm-4.12.0.tgz",
      "integrity": "sha512-+/2B2rYLb48I/evdOIhP+K/DD2ca2fgBjp6O+GBEnCDk2e4rpeXIK8GvIyRPjTezgmWn9gmKwkQjjx6BtqDHVQ==",
      "license": "MIT"
    },
    "node_modules/hasown": {
      "version": "2.0.2",
      "resolved": "https://registry.npmjs.org/hasown/-/hasown-2.0.2.tgz",
      "integrity": "sha512-0hJU9SCPvmMzIBdZFqNPXWa6dqh7WdH0cII9y+CyS8rG3nL48Bclra9HmKhVVUHyPWNH5Y7xDwAB7bfgSjkUMQ==",
      "license": "MIT",
      "dependencies": {
        "function-bind": "^1.1.2"
      },
      "engines": {
        "node": ">= 0.4"
      }
    },
    "node_modules/isomorphic-ws": {
      "version": "4.0.1",
      "resolved": "https://registry.npmjs.org/isomorphic-ws/-/isomorphic-ws-4.0.1.tgz",
      "integrity": "sha512-BhBvN2MBpWTaSHdWRb/bwdZJ1WaehQ2L1KngkCkfLUGF0mAWAT1sQUQacEmQ0jXkFw/czDXPNQSL5u2/Krsz1w==",
      "license": "MIT",
      "peerDependencies": {
        "ws": "*"
      }
    },
    "node_modules/math-intrinsics": {
      "version": "1.1.0",
      "resolved": "https://registry.npmjs.org/math-intrinsics/-/math-intrinsics-1.1.0.tgz",
      "integrity": "sha512-/IXtbwEk5HTPyEwyKX6hGkYXxM9nbj64B+ilVJnC/R6B0pH5G4V3b0pVbL7DBj4tkhBAppbQUlf6F6Xl9LHu1g==",
      "license": "MIT",
      "engines": {
        "node": ">= 0.4"
      }
    },
    "node_modules/merkletreejs": {
      "version": "0.6.0",
      "resolved": "https://registry.npmjs.org/merkletreejs/-/merkletreejs-0.6.0.tgz",
      "integrity": "sha512-cyiratjG7fyHsa4DVfYVPxcoAh3zmUuOPItIfZex8f0pUVptNEmiiTOoeS0JnDDTWy+n3FKnI0K1gCzti7rGMg==",
      "license": "MIT",
      "dependencies": {
        "buffer-reverse": "^1.0.1",
        "crypto-js": "^4.2.0",
        "treeify": "^1.1.0"
      },
      "engines": {
        "node": ">= 7.6.0"
      }
    },
    "node_modules/mime-db": {
      "version": "1.52.0",
      "resolved": "https://registry.npmjs.org/mime-db/-/mime-db-1.52.0.tgz",
      "integrity": "sha512-sPU4uV7dYlvtWJxwwxHD0PuihVNiE7TyAbQ5SWxDCB9mUYvOgroQOwYQQOKPJ8CIbE+1ETVlOoK1UC2nU3gYvg==",
      "license": "MIT",
      "engines": {
        "node": ">= 0.6"
      }
    },
    "node_modules/mime-types": {
      "version": "2.1.35",
      "resolved": "https://registry.npmjs.org/mime-types/-/mime-types-2.1.35.tgz",
      "integrity": "sha512-ZDY+bPm5zTTF+YpCrAU9nK0UgICYPT0QtT1NZWFv4s++TNkcgVaT0g6+4R2uI4MjQjzysHB1zxuWL50hzaeXiw==",
      "license": "MIT",
      "dependencies": {
        "mime-db": "1.52.0"
      },
      "engines": {
        "node": ">= 0.6"
      }
    },
    "node_modules/object-keys": {
      "version": "1.1.1",
      "resolved": "https://registry.npmjs.org/object-keys/-/object-keys-1.1.1.tgz",
      "integrity": "sha512-NuAESUOUMrlIXOfHKzD6bpPu3tYt3xvjNdRIQ+FeT0lNb4K8WR70CaDxhuNguS2XG+GjkyMwOzsN5ZktImfhLA==",
      "license": "MIT",
      "engines": {
        "node": ">= 0.4"
      }
    },
    "node_modules/proxy-from-env": {
      "version": "1.1.0",
      "resolved": "https://registry.npmjs.org/proxy-from-env/-/proxy-from-env-1.1.0.tgz",
      "integrity": "sha512-D+zkORCbA9f1tdWRK0RaCR3GPv50cMxcrz4X8k5LTSUD1Dkw47mKJEZQNunItRTkWwgtaUSo1RVFRIG9ZXiFYg==",
      "license": "MIT"
    },
    "node_modules/readonly-date-esm": {
      "version": "2.0.0",
      "resolved": "https://registry.npmjs.org/readonly-date-esm/-/readonly-date-esm-2.0.0.tgz",
      "integrity": "sha512-adlyzz144ofU22kjnnRIN0HPPqIbc5IZvMmMuVtEgMY4mKgNyKqOVb4Fa2GUzE2By4TEPOYoGqDoKRyqmeEuPQ==",
      "license": "Apache-2.0"
    },
    "node_modules/symbol-observable": {
      "version": "2.0.3",
      "resolved": "https://registry.npmjs.org/symbol-observable/-/symbol-observable-2.0.3.tgz",
      "integrity": "sha512-sQV7phh2WCYAn81oAkakC5qjq2Ml0g8ozqz03wOGnx9dDlG1de6yrF+0RAzSJD8fPUow3PTSMf2SAbOGxb93BA==",
      "license": "MIT",
      "engines": {
        "node": ">=0.10"
      }
    },
    "node_modules/tiny-secp256k1": {
      "version": "2.2.4",
      "resolved": "https://registry.npmjs.org/tiny-secp256k1/-/tiny-secp256k1-2.2.4.tgz",
      "integrity": "sha512-FoDTcToPqZE454Q04hH9o2EhxWsm7pOSpicyHkgTwKhdKWdsTUuqfP5MLq3g+VjAtl2vSx6JpXGdwA2qpYkI0Q==",
      "license": "MIT",
      "dependencies": {
        "uint8array-tools": "0.0.7"
      },
      "engines": {
        "node": ">=14.0.0"
      }
    },
    "node_modules/tiny-secp256k1/node_modules/uint8array-tools": {
      "version": "0.0.7",
      "resolved": "https://registry.npmjs.org/uint8array-tools/-/uint8array-tools-0.0.7.tgz",
      "integrity": "sha512-vrrNZJiusLWoFWBqz5Y5KMCgP9W9hnjZHzZiZRT8oNAkq3d5Z5Oe76jAvVVSRh4U8GGR90N2X1dWtrhvx6L8UQ==",
      "license": "MIT",
      "engines": {
        "node": ">=14.0.0"
      }
    },
    "node_modules/treeify": {
      "version": "1.1.0",
      "resolved": "https://registry.npmjs.org/treeify/-/treeify-1.1.0.tgz",
      "integrity": "sha512-1m4RA7xVAJrSGrrXGs0L3YTwyvBs2S8PbRHaLZAkFw7JR8oIFwYtysxlBZhYIa7xSyiYJKZ3iGrrk55cGA3i9A==",
      "license": "MIT",
      "engines": {
        "node": ">=0.6"
      }
    },
    "node_modules/uint8array-tools": {
      "version": "0.0.9",
      "resolved": "https://registry.npmjs.org/uint8array-tools/-/uint8array-tools-0.0.9.tgz",
      "integrity": "sha512-9vqDWmoSXOoi+K14zNaf6LBV51Q8MayF0/IiQs3GlygIKUYtog603e6virExkjjFosfJUBI4LhbQK1iq8IG11A==",
      "license": "MIT",
      "engines": {
        "node": ">=14.0.0"
      }
    },
    "node_modules/valibot": {
      "version": "1.2.0",
      "resolved": "https://registry.npmjs.org/valibot/-/valibot-1.2.0.tgz",
      "integrity": "sha512-mm1rxUsmOxzrwnX5arGS+U4T25RdvpPjPN4yR0u9pUBov9+zGVtO84tif1eY4r6zWxVxu3KzIyknJy3rxfRZZg==",
      "license": "MIT",
      "peerDependencies": {
        "typescript": ">=5"
      },
      "peerDependenciesMeta": {
        "typescript": {
          "optional": true
        }
      }
    },
    "node_modules/varuint-bitcoin": {
      "version": "2.0.0",
      "resolved": "https://registry.npmjs.org/varuint-bitcoin/-/varuint-bitcoin-2.0.0.tgz",
      "integrity": "sha512-6QZbU/rHO2ZQYpWFDALCDSRsXbAs1VOEmXAxtbtjLtKuMJ/FQ8YbhfxlaiKv5nklci0M6lZtlZyxo9Q+qNnyog==",
      "license": "MIT",
      "dependencies": {
        "uint8array-tools": "^0.0.8"
      }
    },
    "node_modules/varuint-bitcoin/node_modules/uint8array-tools": {
      "version": "0.0.8",
      "resolved": "https://registry.npmjs.org/uint8array-tools/-/uint8array-tools-0.0.8.tgz",
      "integrity": "sha512-xS6+s8e0Xbx++5/0L+yyexukU7pz//Yg6IHg3BKhXotg1JcYtgxVcUctQ0HxLByiJzpAkNFawz1Nz5Xadzo82g==",
      "license": "MIT",
      "engines": {
        "node": ">=14.0.0"
      }
    },
    "node_modules/wif": {
      "version": "5.0.0",
      "resolved": "https://registry.npmjs.org/wif/-/wif-5.0.0.tgz",
      "integrity": "sha512-iFzrC/9ne740qFbNjTZ2FciSRJlHIXoxqk/Y5EnE08QOXu1WjJyCCswwDTYbohAOEnlCtLaAAQBhyaLRFh2hMA==",
      "license": "MIT",
      "dependencies": {
        "bs58check": "^4.0.0"
      }
    },
    "node_modules/ws": {
      "version": "7.5.10",
      "resolved": "https://registry.npmjs.org/ws/-/ws-7.5.10.tgz",
      "integrity": "sha512-+dbF1tHwZpXcbOJdVOkzLDxZP1ailvSxM6ZweXTegylPny803bFhA+vqBYw4s31NSAk4S2Qz+AKXK9a4wkdjcQ==",
      "license": "MIT",
      "peer": true,
      "engines": {
        "node": ">=8.3.0"
      },
      "peerDependencies": {
        "bufferutil": "^4.0.1",
        "utf-8-validate": "^5.0.2"
      },
      "peerDependenciesMeta": {
        "bufferutil": {
          "optional": true
        },
        "utf-8-validate": {
          "optional": true
        }
      }
    },
    "node_modules/xstream": {
      "version": "11.14.0",
      "resolved": "https://registry.npmjs.org/xstream/-/xstream-11.14.0.tgz",
      "integrity": "sha512-1bLb+kKKtKPbgTK6i/BaoAn03g47PpFstlbe1BA+y3pNS/LfvcaghS5BFf9+EE1J+KwSQsEpfJvFN5GqFtiNmw==",
      "license": "MIT",
      "dependencies": {
        "globalthis": "^1.0.1",
        "symbol-observable": "^2.0.3"
      }
    }
  }
}
